
Microsoft Visual Studio Solution File, Format Version 12.00
# Visual Studio 15
VisualStudioVersion = 15.0.27428.2037
MinimumVisualStudioVersion = 10.0.40219.1
Project("{2150E333-8FDC-42A3-9474-1A3956D46DE8}") = "Solution Items", "Solution Items", "{4CD6A856-9BEF-4DD6-8D89-B774BCF5324F}"
	ProjectSection(SolutionItems) = preProject
		Tools\nuget.exe = Tools\nuget.exe
		..\README.md = ..\README.md
	EndProjectSection
EndProject
Project("{FAE04EC0-301F-11D3-BF4B-00C04F79EFBC}") = "JsonGen.Tests", "JsonGen.Tests\JsonGen.Tests.csproj", "{4D3BB9F7-7694-4904-BFE7-A9ABD670C4D0}"
EndProject
Project("{9A19103F-16F7-4668-BE54-9A1E7A4F7556}") = "JsonGen.Db.Tests", "JsonGen.Db.Tests\JsonGen.Db.Tests.csproj", "{F43726F9-AC70-4776-B823-0C42AD2C25EA}"
EndProject
Project("{FAE04EC0-301F-11D3-BF4B-00C04F79EFBC}") = "JsonGen", "JsonGen\JsonGen.csproj", "{24FCA916-6C55-412D-8EB2-60E1A78289F4}"
EndProject
Project("{9A19103F-16F7-4668-BE54-9A1E7A4F7556}") = "JsonGen.Db", "JsonGen.Db\JsonGen.Db.csproj", "{595B2E1F-4582-4535-8791-836B9C137752}"
EndProject
Global
	GlobalSection(SolutionConfigurationPlatforms) = preSolution
		Debug|Any CPU = Debug|Any CPU
		Release|Any CPU = Release|Any CPU
	EndGlobalSection
	GlobalSection(ProjectConfigurationPlatforms) = postSolution
		{4D3BB9F7-7694-4904-BFE7-A9ABD670C4D0}.Debug|Any CPU.ActiveCfg = Debug|Any CPU
		{4D3BB9F7-7694-4904-BFE7-A9ABD670C4D0}.Debug|Any CPU.Build.0 = Debug|Any CPU
		{4D3BB9F7-7694-4904-BFE7-A9ABD670C4D0}.Release|Any CPU.ActiveCfg = Release|Any CPU
		{4D3BB9F7-7694-4904-BFE7-A9ABD670C4D0}.Release|Any CPU.Build.0 = Release|Any CPU
		{F43726F9-AC70-4776-B823-0C42AD2C25EA}.Debug|Any CPU.ActiveCfg = Debug|Any CPU
		{F43726F9-AC70-4776-B823-0C42AD2C25EA}.Debug|Any CPU.Build.0 = Debug|Any CPU
		{F43726F9-AC70-4776-B823-0C42AD2C25EA}.Release|Any CPU.ActiveCfg = Release|Any CPU
		{F43726F9-AC70-4776-B823-0C42AD2C25EA}.Release|Any CPU.Build.0 = Release|Any CPU
		{24FCA916-6C55-412D-8EB2-60E1A78289F4}.Debug|Any CPU.ActiveCfg = Debug|Any CPU
		{24FCA916-6C55-412D-8EB2-60E1A78289F4}.Debug|Any CPU.Build.0 = Debug|Any CPU
		{24FCA916-6C55-412D-8EB2-60E1A78289F4}.Release|Any CPU.ActiveCfg = Release|Any CPU
		{24FCA916-6C55-412D-8EB2-60E1A78289F4}.Release|Any CPU.Build.0 = Release|Any CPU
		{595B2E1F-4582-4535-8791-836B9C137752}.Debug|Any CPU.ActiveCfg = Debug|Any CPU
		{595B2E1F-4582-4535-8791-836B9C137752}.Debug|Any CPU.Build.0 = Debug|Any CPU
		{595B2E1F-4582-4535-8791-836B9C137752}.Release|Any CPU.ActiveCfg = Release|Any CPU
		{595B2E1F-4582-4535-8791-836B9C137752}.Release|Any CPU.Build.0 = Release|Any CPU
	EndGlobalSection
	GlobalSection(SolutionProperties) = preSolution
		HideSolutionNode = FALSE
	EndGlobalSection
	GlobalSection(ExtensibilityGlobals) = postSolution
		SolutionGuid = {80DDA499-552B-458E-A816-FC8231DDEAA3}
	EndGlobalSection
EndGlobal
